
Microsoft Visual Studio Solution File, Format Version 12.00
# Visual Studio Version 17
VisualStudioVersion = 17.5.002.0
MinimumVisualStudioVersion = 10.0.40219.1
Project("{FAE04EC0-301F-11D3-BF4B-00C04F79EFBC}") = "CryptoApp.Models", "Models\CryptoApp.Models.csproj", "{F25F9524-7533-4DBD-BF29-33A30D5CC2D8}"
EndProject
Project("{FAE04EC0-301F-11D3-BF4B-00C04F79EFBC}") = "CryptoApp.Data", "Data\CryptoApp.Data.csproj", "{FB272250-B0CF-4639-B187-D72DE6342E65}"
EndProject
Project("{FAE04EC0-301F-11D3-BF4B-00C04F79EFBC}") = "CryptoApp.Business", "Business\CryptoApp.Business.csproj", "{92508584-09FF-4143-B6D5-781721B92C90}"
EndProject
Project("{FAE04EC0-301F-11D3-BF4B-00C04F79EFBC}") = "CryptoApp.Presentation", "Presentation\CryptoApp.Presentation.csproj", "{9B77A3D1-CD65-4006-B1C3-85FDCBAD7474}"
EndProject
Global
	GlobalSection(SolutionConfigurationPlatforms) = preSolution
		Debug|Any CPU = Debug|Any CPU
		Release|Any CPU = Release|Any CPU
	EndGlobalSection
	GlobalSection(ProjectConfigurationPlatforms) = postSolution
		{E69947E0-F706-4567-9756-6006EFE43466}.Debug|Any CPU.ActiveCfg = Debug|Any CPU
		{E69947E0-F706-4567-9756-6006EFE43466}.Debug|Any CPU.Build.0 = Debug|Any CPU
		{E69947E0-F706-4567-9756-6006EFE43466}.Release|Any CPU.ActiveCfg = Release|Any CPU
		{E69947E0-F706-4567-9756-6006EFE43466}.Release|Any CPU.Build.0 = Release|Any CPU
		{F25F9524-7533-4DBD-BF29-33A30D5CC2D8}.Debug|Any CPU.ActiveCfg = Debug|Any CPU
		{F25F9524-7533-4DBD-BF29-33A30D5CC2D8}.Debug|Any CPU.Build.0 = Debug|Any CPU
		{F25F9524-7533-4DBD-BF29-33A30D5CC2D8}.Release|Any CPU.ActiveCfg = Release|Any CPU
		{F25F9524-7533-4DBD-BF29-33A30D5CC2D8}.Release|Any CPU.Build.0 = Release|Any CPU
		{FB272250-B0CF-4639-B187-D72DE6342E65}.Debug|Any CPU.ActiveCfg = Debug|Any CPU
		{FB272250-B0CF-4639-B187-D72DE6342E65}.Debug|Any CPU.Build.0 = Debug|Any CPU
		{FB272250-B0CF-4639-B187-D72DE6342E65}.Release|Any CPU.ActiveCfg = Release|Any CPU
		{FB272250-B0CF-4639-B187-D72DE6342E65}.Release|Any CPU.Build.0 = Release|Any CPU
		{92508584-09FF-4143-B6D5-781721B92C90}.Debug|Any CPU.ActiveCfg = Debug|Any CPU
		{92508584-09FF-4143-B6D5-781721B92C90}.Debug|Any CPU.Build.0 = Debug|Any CPU
		{92508584-09FF-4143-B6D5-781721B92C90}.Release|Any CPU.ActiveCfg = Release|Any CPU
		{92508584-09FF-4143-B6D5-781721B92C90}.Release|Any CPU.Build.0 = Release|Any CPU
		{3C99F986-3168-47C7-BD2A-A0EE234BD8CA}.Debug|Any CPU.ActiveCfg = Debug|Any CPU
		{3C99F986-3168-47C7-BD2A-A0EE234BD8CA}.Debug|Any CPU.Build.0 = Debug|Any CPU
		{3C99F986-3168-47C7-BD2A-A0EE234BD8CA}.Release|Any CPU.ActiveCfg = Release|Any CPU
		{3C99F986-3168-47C7-BD2A-A0EE234BD8CA}.Release|Any CPU.Build.0 = Release|Any CPU
		{2BF7C74D-9978-4D97-84F7-28083686E5FA}.Debug|Any CPU.ActiveCfg = Debug|Any CPU
		{2BF7C74D-9978-4D97-84F7-28083686E5FA}.Debug|Any CPU.Build.0 = Debug|Any CPU
		{2BF7C74D-9978-4D97-84F7-28083686E5FA}.Release|Any CPU.ActiveCfg = Release|Any CPU
		{2BF7C74D-9978-4D97-84F7-28083686E5FA}.Release|Any CPU.Build.0 = Release|Any CPU
		{9B77A3D1-CD65-4006-B1C3-85FDCBAD7474}.Debug|Any CPU.ActiveCfg = Debug|Any CPU
		{9B77A3D1-CD65-4006-B1C3-85FDCBAD7474}.Debug|Any CPU.Build.0 = Debug|Any CPU
		{9B77A3D1-CD65-4006-B1C3-85FDCBAD7474}.Release|Any CPU.ActiveCfg = Release|Any CPU
		{9B77A3D1-CD65-4006-B1C3-85FDCBAD7474}.Release|Any CPU.Build.0 = Release|Any CPU
	EndGlobalSection
	GlobalSection(SolutionProperties) = preSolution
		HideSolutionNode = FALSE
	EndGlobalSection
	GlobalSection(ExtensibilityGlobals) = postSolution
		SolutionGuid = {7A51757B-FEB3-49EA-A893-7426D9011A34}
	EndGlobalSection
EndGlobal
