
Microsoft Visual Studio Solution File, Format Version 12.00
# Visual Studio Version 17
VisualStudioVersion = 17.5.002.0
MinimumVisualStudioVersion = 10.0.40219.1
Project("{FAE04EC0-301F-11D3-BF4B-00C04F79EFBC}") = "CryptoApp.Presentation", "Presentation\CryptoApp.Presentation.csproj", "{108ADADF-7294-4AAD-9000-E58529A59A90}"
EndProject
Project("{FAE04EC0-301F-11D3-BF4B-00C04F79EFBC}") = "CryptoApp.Business", "Business\CryptoApp.Business.csproj", "{E1ADE921-D3F9-4496-A95E-7E972C6C3690}"
EndProject
Project("{FAE04EC0-301F-11D3-BF4B-00C04F79EFBC}") = "CryptoApp.Data", "Data\CryptoApp.Data.csproj", "{6CF73C58-C910-4DB7-96EB-5797E249FB77}"
EndProject
Project("{FAE04EC0-301F-11D3-BF4B-00C04F79EFBC}") = "CryptoApp.Models", "Models\CryptoApp.Models.csproj", "{ACE3227D-8529-4252-8FA3-84C8647A094F}"
EndProject
Global
	GlobalSection(SolutionConfigurationPlatforms) = preSolution
		Debug|Any CPU = Debug|Any CPU
		Release|Any CPU = Release|Any CPU
	EndGlobalSection
	GlobalSection(ProjectConfigurationPlatforms) = postSolution
		{19BE2889-BF52-4511-B3E0-8789E28D2AC0}.Debug|Any CPU.ActiveCfg = Debug|Any CPU
		{19BE2889-BF52-4511-B3E0-8789E28D2AC0}.Debug|Any CPU.Build.0 = Debug|Any CPU
		{19BE2889-BF52-4511-B3E0-8789E28D2AC0}.Release|Any CPU.ActiveCfg = Release|Any CPU
		{19BE2889-BF52-4511-B3E0-8789E28D2AC0}.Release|Any CPU.Build.0 = Release|Any CPU
		{108ADADF-7294-4AAD-9000-E58529A59A90}.Debug|Any CPU.ActiveCfg = Debug|Any CPU
		{108ADADF-7294-4AAD-9000-E58529A59A90}.Debug|Any CPU.Build.0 = Debug|Any CPU
		{108ADADF-7294-4AAD-9000-E58529A59A90}.Release|Any CPU.ActiveCfg = Release|Any CPU
		{108ADADF-7294-4AAD-9000-E58529A59A90}.Release|Any CPU.Build.0 = Release|Any CPU
		{E1ADE921-D3F9-4496-A95E-7E972C6C3690}.Debug|Any CPU.ActiveCfg = Debug|Any CPU
		{E1ADE921-D3F9-4496-A95E-7E972C6C3690}.Debug|Any CPU.Build.0 = Debug|Any CPU
		{E1ADE921-D3F9-4496-A95E-7E972C6C3690}.Release|Any CPU.ActiveCfg = Release|Any CPU
		{E1ADE921-D3F9-4496-A95E-7E972C6C3690}.Release|Any CPU.Build.0 = Release|Any CPU
		{6CF73C58-C910-4DB7-96EB-5797E249FB77}.Debug|Any CPU.ActiveCfg = Debug|Any CPU
		{6CF73C58-C910-4DB7-96EB-5797E249FB77}.Debug|Any CPU.Build.0 = Debug|Any CPU
		{6CF73C58-C910-4DB7-96EB-5797E249FB77}.Release|Any CPU.ActiveCfg = Release|Any CPU
		{6CF73C58-C910-4DB7-96EB-5797E249FB77}.Release|Any CPU.Build.0 = Release|Any CPU
		{ACE3227D-8529-4252-8FA3-84C8647A094F}.Debug|Any CPU.ActiveCfg = Debug|Any CPU
		{ACE3227D-8529-4252-8FA3-84C8647A094F}.Debug|Any CPU.Build.0 = Debug|Any CPU
		{ACE3227D-8529-4252-8FA3-84C8647A094F}.Release|Any CPU.ActiveCfg = Release|Any CPU
		{ACE3227D-8529-4252-8FA3-84C8647A094F}.Release|Any CPU.Build.0 = Release|Any CPU
	EndGlobalSection
	GlobalSection(SolutionProperties) = preSolution
		HideSolutionNode = FALSE
	EndGlobalSection
	GlobalSection(ExtensibilityGlobals) = postSolution
		SolutionGuid = {EBC4525E-2FDA-45FF-B81C-19796C080C38}
	EndGlobalSection
EndGlobal
